
Microsoft Visual Studio Solution File, Format Version 12.00
# Visual Studio 14
VisualStudioVersion = 14.0.23107.0
MinimumVisualStudioVersion = 10.0.40219.1
Project("{2150E333-8FDC-42A3-9474-1A3956D46DE8}") = "Authorization", "Authorization", "{B71F3936-C753-42C5-9F8D-4D5D1667E1B4}"
EndProject
Project("{2150E333-8FDC-42A3-9474-1A3956D46DE8}") = "Tests", "Tests", "{D7E64C95-7574-4631-8090-6FE7DE9B237D}"
EndProject
Project("{FAE04EC0-301F-11D3-BF4B-00C04F79EFBC}") = "ReactiveServices.Authorization", "Authorization\ReactiveServices.Authorization.csproj", "{7CD6309F-C689-4111-B58D-88F5BA9F3CC4}"
EndProject
Project("{FAE04EC0-301F-11D3-BF4B-00C04F79EFBC}") = "ReactiveServices.Authorization.Tests", "Authorization\Tests\ReactiveServices.Authorization.Tests.csproj", "{BF700DBB-E63D-47AD-AFB6-54128F012EF4}"
EndProject
Global
	GlobalSection(SolutionConfigurationPlatforms) = preSolution
		Debug|Any CPU = Debug|Any CPU
		Release|Any CPU = Release|Any CPU
	EndGlobalSection
	GlobalSection(ProjectConfigurationPlatforms) = postSolution
		{7CD6309F-C689-4111-B58D-88F5BA9F3CC4}.Debug|Any CPU.ActiveCfg = Debug|Any CPU
		{7CD6309F-C689-4111-B58D-88F5BA9F3CC4}.Debug|Any CPU.Build.0 = Debug|Any CPU
		{7CD6309F-C689-4111-B58D-88F5BA9F3CC4}.Release|Any CPU.ActiveCfg = Release|Any CPU
		{7CD6309F-C689-4111-B58D-88F5BA9F3CC4}.Release|Any CPU.Build.0 = Release|Any CPU
		{BF700DBB-E63D-47AD-AFB6-54128F012EF4}.Debug|Any CPU.ActiveCfg = Debug|Any CPU
		{BF700DBB-E63D-47AD-AFB6-54128F012EF4}.Debug|Any CPU.Build.0 = Debug|Any CPU
		{BF700DBB-E63D-47AD-AFB6-54128F012EF4}.Release|Any CPU.ActiveCfg = Release|Any CPU
		{BF700DBB-E63D-47AD-AFB6-54128F012EF4}.Release|Any CPU.Build.0 = Release|Any CPU
	EndGlobalSection
	GlobalSection(SolutionProperties) = preSolution
		HideSolutionNode = FALSE
	EndGlobalSection
	GlobalSection(NestedProjects) = preSolution
		{D7E64C95-7574-4631-8090-6FE7DE9B237D} = {B71F3936-C753-42C5-9F8D-4D5D1667E1B4}
		{7CD6309F-C689-4111-B58D-88F5BA9F3CC4} = {B71F3936-C753-42C5-9F8D-4D5D1667E1B4}
		{BF700DBB-E63D-47AD-AFB6-54128F012EF4} = {D7E64C95-7574-4631-8090-6FE7DE9B237D}
	EndGlobalSection
EndGlobal
